dependencies:
  BMM150_SensorAPI:
    dependencies: []
    source:
      path: C:\Users\LTG\Desktop\esp-echo-ear (2)\esp-echo-ear\echoear_rotating_base\components\BMM150_SensorAPI
      type: local
    version: 1.0.0
  espressif/button:
    component_hash: 30a3f495c3862d505ce6e41adbbd218b2750e9723ab2151feff00e9fe685b326
    dependencies:
    - name: espressif/cmake_utilities
      registry_url: https://components.espressif.com
      require: private
      version: 0.*
    - name: idf
      require: private
      version: '>=4.0'
    source:
      registry_url: https://components.espressif.com/
      type: service
    version: 3.5.0
  espressif/cmake_utilities:
    component_hash: 351350613ceafba240b761b4ea991e0f231ac7a9f59a9ee901f751bddc0bb18f
    dependencies:
    - name: idf
      require: private
      version: '>=4.1'
    source:
      registry_url: https://components.espressif.com
      type: service
    version: 0.5.3
  espressif/i2c_bus:
    component_hash: 4e990dc11734316186b489b362c61d41f23f79d58bc169795cec215e528cba14
    dependencies:
    - name: espressif/cmake_utilities
      registry_url: https://components.espressif.com
      require: private
      version: '*'
    - name: idf
      require: private
      version: '>=4.0'
    source:
      registry_url: https://components.espressif.com/
      type: service
    version: 1.5.0
  espressif2022/bmi270:
    component_hash: 6c6637680a233845d13961f23df39426a7fad9c02c6c289bf8facbb7f8624e22
    dependencies:
    - name: espressif/cmake_utilities
      registry_url: https://components.espressif.com
      require: private
      version: 0.*
    - name: espressif/i2c_bus
      registry_url: https://components.espressif.com
      require: private
      version: 1.*
    - name: idf
      require: private
      version: '>=4.4'
    source:
      registry_url: https://components.espressif.com/
      type: service
    version: 1.1.0~2
  idf:
    source:
      type: idf
    version: 5.5.1
direct_dependencies:
- BMM150_SensorAPI
- espressif/button
- espressif/i2c_bus
- espressif2022/bmi270
- idf
manifest_hash: b3619f730f59fb5d117c005f41bfe7e60acb585f06f5c157939ccfdedbfaf66f
target: esp32c61
version: 2.0.0
